version: 1.0
shards:
  bson:
    github: jeromegn/bson.cr
    version: 0.1.5

  exception_page:
    github: crystal-loot/exception_page
    version: 0.1.2

  kemal:
    github: kemalcr/kemal
    version: 0.25.2

  kemal-rest-api:
    github: blocknotes/kemal-rest-api
    version: 0.1.6

  kilt:
    github: jeromegn/kilt
    version: 0.4.0

  mongo:
    github: kimvex/mongodb-crystal
    commit: 2fdd27e4e06d1306bfaef365f67c536b2b9a567b

  radix:
    github: luislavena/radix
    version: 0.3.9

